
Microsoft Visual Studio Solution File, Format Version 12.00
# Visual Studio Version 17
VisualStudioVersion = 17.7.34018.315
MinimumVisualStudioVersion = 10.0.40219.1
Project("{FAE04EC0-301F-11D3-BF4B-00C04F79EFBC}") = "MaplePoolMatch", "MaplePoolMatch\MaplePoolMatch.csproj", "{B8E053C6-F037-4A20-8D32-B8F05F4847CC}"
EndProject
Global
	GlobalSection(SolutionConfigurationPlatforms) = preSolution
		Debug|Any CPU = Debug|Any CPU
		Release|Any CPU = Release|Any CPU
	EndGlobalSection
	GlobalSection(ProjectConfigurationPlatforms) = postSolution
		{B8E053C6-F037-4A20-8D32-B8F05F4847CC}.Debug|Any CPU.ActiveCfg = Debug|Any CPU
		{B8E053C6-F037-4A20-8D32-B8F05F4847CC}.Debug|Any CPU.Build.0 = Debug|Any CPU
		{B8E053C6-F037-4A20-8D32-B8F05F4847CC}.Release|Any CPU.ActiveCfg = Release|Any CPU
		{B8E053C6-F037-4A20-8D32-B8F05F4847CC}.Release|Any CPU.Build.0 = Release|Any CPU
	EndGlobalSection
	GlobalSection(SolutionProperties) = preSolution
		HideSolutionNode = FALSE
	EndGlobalSection
	GlobalSection(ExtensibilityGlobals) = postSolution
		SolutionGuid = {A2EBC889-E4E9-46D8-A1CC-0C84146B5C1F}
	EndGlobalSection
EndGlobal
